
Microsoft Visual Studio Solution File, Format Version 12.00
# Visual Studio 2015
Project("{FAE04EC0-301F-11D3-BF4B-00C04F79EFBC}") = "FlappyBirdTutorial", "FlappyBirdTutorial.csproj", "{E700B125-7CA2-7208-65B6-9D6091ED3564}"
EndProject
Global
	GlobalSection(SolutionConfigurationPlatforms) = preSolution
		Debug|Any CPU = Debug|Any CPU
		Release|Any CPU = Release|Any CPU
	EndGlobalSection
	GlobalSection(ProjectConfigurationPlatforms) = postSolution
		{E700B125-7CA2-7208-65B6-9D6091ED3564}.Debug|Any CPU.ActiveCfg = Debug|Any CPU
		{E700B125-7CA2-7208-65B6-9D6091ED3564}.Debug|Any CPU.Build.0 = Debug|Any CPU
		{E700B125-7CA2-7208-65B6-9D6091ED3564}.Release|Any CPU.ActiveCfg = Release|Any CPU
		{E700B125-7CA2-7208-65B6-9D6091ED3564}.Release|Any CPU.Build.0 = Release|Any CPU
	EndGlobalSection
	GlobalSection(SolutionProperties) = preSolution
		HideSolutionNode = FALSE
	EndGlobalSection
EndGlobal
